// !$*UTF8*$!
{
	archiveVersion = 1;
	classes = {
	};
	objectVersion = 46;
	objects = {

/* Begin PBXBuildFile section */
		3DA9D40D17FF3A9A000CE9C6 /* Foundation.framework in Frameworks */ = {isa = PBXBuildFile; fileRef = 3DA9D40C17FF3A9A000CE9C6 /* Foundation.framework */; };
		3DA9D40F17FF3A9A000CE9C6 /* CoreGraphics.framework in Frameworks */ = {isa = PBXBuildFile; fileRef = 3DA9D40E17FF3A9A000CE9C6 /* CoreGraphics.framework */; };
		3DA9D41117FF3A9A000CE9C6 /* UIKit.framework in Frameworks */ = {isa = PBXBuildFile; fileRef = 3DA9D41017FF3A9A000CE9C6 /* UIKit.framework */; };
		3DA9D41717FF3A9A000CE9C6 /* InfoPlist.strings in Resources */ = {isa = PBXBuildFile; fileRef = 3DA9D41517FF3A9A000CE9C6 /* InfoPlist.strings */; };
		3DA9D41917FF3A9A000CE9C6 /* main.m in Sources */ = {isa = PBXBuildFile; fileRef = 3DA9D41817FF3A9A000CE9C6 /* main.m */; };
		3DA9D41D17FF3A9A000CE9C6 /* BRAppDelegate.m in Sources */ = {isa = PBXBuildFile; fileRef = 3DA9D41C17FF3A9A000CE9C6 /* BRAppDelegate.m */; };
		3DA9D41F17FF3A9A000CE9C6 /* Images.xcassets in Resources */ = {isa = PBXBuildFile; fileRef = 3DA9D41E17FF3A9A000CE9C6 /* Images.xcassets */; };
		3DA9D42617FF3A9A000CE9C6 /* XCTest.framework in Frameworks */ = {isa = PBXBuildFile; fileRef = 3DA9D42517FF3A9A000CE9C6 /* XCTest.framework */; };
		3DA9D42717FF3A9A000CE9C6 /* Foundation.framework in Frameworks */ = {isa = PBXBuildFile; fileRef = 3DA9D40C17FF3A9A000CE9C6 /* Foundation.framework */; };
		3DA9D42817FF3A9A000CE9C6 /* UIKit.framework in Frameworks */ = {isa = PBXBuildFile; fileRef = 3DA9D41017FF3A9A000CE9C6 /* UIKit.framework */; };
		3DA9D43017FF3A9A000CE9C6 /* InfoPlist.strings in Resources */ = {isa = PBXBuildFile; fileRef = 3DA9D42E17FF3A9A000CE9C6 /* InfoPlist.strings */; };
		3DA9D43217FF3A9A000CE9C6 /* BoundingRectKernExperimentTests.m in Sources */ = {isa = PBXBuildFile; fileRef = 3DA9D43117FF3A9A000CE9C6 /* BoundingRectKernExperimentTests.m */; };
/* End PBXBuildFile section */

/* Begin PBXContainerItemProxy section */
		3DA9D42917FF3A9A000CE9C6 /* PBXContainerItemProxy */ = {
			isa = PBXContainerItemProxy;
			containerPortal = 3DA9D40117FF3A9A000CE9C6 /* Project object */;
			proxyType = 1;
			remoteGlobalIDString = 3DA9D40817FF3A9A000CE9C6;
			remoteInfo = BoundingRectKernExperiment;
		};
/* End PBXContainerItemProxy section */

/* Begin PBXFileReference section */
		3DA9D40917FF3A9A000CE9C6 /* BoundingRectKernExperiment.app */ = {isa = PBXFileReference; explicitFileType = wrapper.application; includeInIndex = 0; path = BoundingRectKernExperiment.app; sourceTree = BUILT_PRODUCTS_DIR; };
		3DA9D40C17FF3A9A000CE9C6 /* Foundation.framework */ = {isa = PBXFileReference; lastKnownFileType = wrapper.framework; name = Foundation.framework; path = System/Library/Frameworks/Foundation.framework; sourceTree = SDKROOT; };
		3DA9D40E17FF3A9A000CE9C6 /* CoreGraphics.framework */ = {isa = PBXFileReference; lastKnownFileType = wrapper.framework; name = CoreGraphics.framework; path = System/Library/Frameworks/CoreGraphics.framework; sourceTree = SDKROOT; };
		3DA9D41017FF3A9A000CE9C6 /* UIKit.framework */ = {isa = PBXFileReference; lastKnownFileType = wrapper.framework; name = UIKit.framework; path = System/Library/Frameworks/UIKit.framework; sourceTree = SDKROOT; };
		3DA9D41417FF3A9A000CE9C6 /* BoundingRectKernExperiment-Info.plist */ = {isa = PBXFileReference; lastKnownFileType = text.plist.xml; path = "BoundingRectKernExperiment-Info.plist"; sourceTree = "<group>"; };
		3DA9D41617FF3A9A000CE9C6 /* en */ = {isa = PBXFileReference; lastKnownFileType = text.plist.strings; name = en; path = en.lproj/InfoPlist.strings; sourceTree = "<group>"; };
		3DA9D41817FF3A9A000CE9C6 /* main.m */ = {isa = PBXFileReference; lastKnownFileType = sourcecode.c.objc; path = main.m; sourceTree = "<group>"; };
		3DA9D41A17FF3A9A000CE9C6 /* BoundingRectKernExperiment-Prefix.pch */ = {isa = PBXFileReference; lastKnownFileType = sourcecode.c.h; path = "BoundingRectKernExperiment-Prefix.pch"; sourceTree = "<group>"; };
		3DA9D41B17FF3A9A000CE9C6 /* BRAppDelegate.h */ = {isa = PBXFileReference; lastKnownFileType = sourcecode.c.h; path = BRAppDelegate.h; sourceTree = "<group>"; };
		3DA9D41C17FF3A9A000CE9C6 /* BRAppDelegate.m */ = {isa = PBXFileReference; lastKnownFileType = sourcecode.c.objc; path = BRAppDelegate.m; sourceTree = "<group>"; };
		3DA9D41E17FF3A9A000CE9C6 /* Images.xcassets */ = {isa = PBXFileReference; lastKnownFileType = folder.assetcatalog; path = Images.xcassets; sourceTree = "<group>"; };
		3DA9D42417FF3A9A000CE9C6 /* BoundingRectKernExperimentTests.xctest */ = {isa = PBXFileReference; explicitFileType = wrapper.cfbundle; includeInIndex = 0; path = BoundingRectKernExperimentTests.xctest; sourceTree = BUILT_PRODUCTS_DIR; };
		3DA9D42517FF3A9A000CE9C6 /* XCTest.framework */ = {isa = PBXFileReference; lastKnownFileType = wrapper.framework; name = XCTest.framework; path = Library/Frameworks/XCTest.framework; sourceTree = DEVELOPER_DIR; };
		3DA9D42D17FF3A9A000CE9C6 /* BoundingRectKernExperimentTests-Info.plist */ = {isa = PBXFileReference; lastKnownFileType = text.plist.xml; path = "BoundingRectKernExperimentTests-Info.plist"; sourceTree = "<group>"; };
		3DA9D42F17FF3A9A000CE9C6 /* en */ = {isa = PBXFileReference; lastKnownFileType = text.plist.strings; name = en; path = en.lproj/InfoPlist.strings; sourceTree = "<group>"; };
		3DA9D43117FF3A9A000CE9C6 /* BoundingRectKernExperimentTests.m */ = {isa = PBXFileReference; lastKnownFileType = sourcecode.c.objc; path = BoundingRectKernExperimentTests.m; sourceTree = "<group>"; };
/* End PBXFileReference section */

/* Begin PBXFrameworksBuildPhase section */
		3DA9D40617FF3A9A000CE9C6 /* Frameworks */ = {
			isa = PBXFrameworksBuildPhase;
			buildActionMask = 2147483647;
			files = (
				3DA9D40F17FF3A9A000CE9C6 /* CoreGraphics.framework in Frameworks */,
				3DA9D41117FF3A9A000CE9C6 /* UIKit.framework in Frameworks */,
				3DA9D40D17FF3A9A000CE9C6 /* Foundation.framework in Frameworks */,
			);
			runOnlyForDeploymentPostprocessing = 0;
		};
		3DA9D42117FF3A9A000CE9C6 /* Frameworks */ = {
			isa = PBXFrameworksBuildPhase;
			buildActionMask = 2147483647;
			files = (
				3DA9D42617FF3A9A000CE9C6 /* XCTest.framework in Frameworks */,
				3DA9D42817FF3A9A000CE9C6 /* UIKit.framework in Frameworks */,
				3DA9D42717FF3A9A000CE9C6 /* Foundation.framework in Frameworks */,
			);
			runOnlyForDeploymentPostprocessing = 0;
		};
/* End PBXFrameworksBuildPhase section */

/* Begin PBXGroup section */
		3DA9D40017FF3A9A000CE9C6 = {
			isa = PBXGroup;
			children = (
				3DA9D41217FF3A9A000CE9C6 /* BoundingRectKernExperiment */,
				3DA9D42B17FF3A9A000CE9C6 /* BoundingRectKernExperimentTests */,
				3DA9D40B17FF3A9A000CE9C6 /* Frameworks */,
				3DA9D40A17FF3A9A000CE9C6 /* Products */,
			);
			sourceTree = "<group>";
		};
		3DA9D40A17FF3A9A000CE9C6 /* Products */ = {
			isa = PBXGroup;
			children = (
				3DA9D40917FF3A9A000CE9C6 /* BoundingRectKernExperiment.app */,
				3DA9D42417FF3A9A000CE9C6 /* BoundingRectKernExperimentTests.xctest */,
			);
			name = Products;
			sourceTree = "<group>";
		};
		3DA9D40B17FF3A9A000CE9C6 /* Frameworks */ = {
			isa = PBXGroup;
			children = (
				3DA9D40C17FF3A9A000CE9C6 /* Foundation.framework */,
				3DA9D40E17FF3A9A000CE9C6 /* CoreGraphics.framework */,
				3DA9D41017FF3A9A000CE9C6 /* UIKit.framework */,
				3DA9D42517FF3A9A000CE9C6 /* XCTest.framework */,
			);
			name = Frameworks;
			sourceTree = "<group>";
		};
		3DA9D41217FF3A9A000CE9C6 /* BoundingRectKernExperiment */ = {
			isa = PBXGroup;
			children = (
				3DA9D41B17FF3A9A000CE9C6 /* BRAppDelegate.h */,
				3DA9D41C17FF3A9A000CE9C6 /* BRAppDelegate.m */,
				3DA9D41E17FF3A9A000CE9C6 /* Images.xcassets */,
				3DA9D41317FF3A9A000CE9C6 /* Supporting Files */,
			);
			path = BoundingRectKernExperiment;
			sourceTree = "<group>";
		};
		3DA9D41317FF3A9A000CE9C6 /* Supporting Files */ = {
			isa = PBXGroup;
			children = (
				3DA9D41417FF3A9A000CE9C6 /* BoundingRectKernExperiment-Info.plist */,
				3DA9D41517FF3A9A000CE9C6 /* InfoPlist.strings */,
				3DA9D41817FF3A9A000CE9C6 /* main.m */,
				3DA9D41A17FF3A9A000CE9C6 /* BoundingRectKernExperiment-Prefix.pch */,
			);
			name = "Supporting Files";
			sourceTree = "<group>";
		};
		3DA9D42B17FF3A9A000CE9C6 /* BoundingRectKernExperimentTests */ = {
			isa = PBXGroup;
			children = (
				3DA9D43117FF3A9A000CE9C6 /* BoundingRectKernExperimentTests.m */,
				3DA9D42C17FF3A9A000CE9C6 /* Supporting Files */,
			);
			path = BoundingRectKernExperimentTests;
			sourceTree = "<group>";
		};
		3DA9D42C17FF3A9A000CE9C6 /* Supporting Files */ = {
			isa = PBXGroup;
			children = (
				3DA9D42D17FF3A9A000CE9C6 /* BoundingRectKernExperimentTests-Info.plist */,
				3DA9D42E17FF3A9A000CE9C6 /* InfoPlist.strings */,
			);
			name = "Supporting Files";
			sourceTree = "<group>";
		};
/* End PBXGroup section */

/* Begin PBXNativeTarget section */
		3DA9D40817FF3A9A000CE9C6 /* BoundingRectKernExperiment */ = {
			isa = PBXNativeTarget;
			buildConfigurationList = 3DA9D43517FF3A9A000CE9C6 /* Build configuration list for PBXNativeTarget "BoundingRectKernExperiment" */;
			buildPhases = (
				3DA9D40517FF3A9A000CE9C6 /* Sources */,
				3DA9D40617FF3A9A000CE9C6 /* Frameworks */,
				3DA9D40717FF3A9A000CE9C6 /* Resources */,
			);
			buildRules = (
			);
			dependencies = (
			);
			name = BoundingRectKernExperiment;
			productName = BoundingRectKernExperiment;
			productReference = 3DA9D40917FF3A9A000CE9C6 /* BoundingRectKernExperiment.app */;
			productType = "com.apple.product-type.application";
		};
		3DA9D42317FF3A9A000CE9C6 /* BoundingRectKernExperimentTests */ = {
			isa = PBXNativeTarget;
			buildConfigurationList = 3DA9D43817FF3A9A000CE9C6 /* Build configuration list for PBXNativeTarget "BoundingRectKernExperimentTests" */;
			buildPhases = (
				3DA9D42017FF3A9A000CE9C6 /* Sources */,
				3DA9D42117FF3A9A000CE9C6 /* Frameworks */,
				3DA9D42217FF3A9A000CE9C6 /* Resources */,
			);
			buildRules = (
			);
			dependencies = (
				3DA9D42A17FF3A9A000CE9C6 /* PBXTargetDependency */,
			);
			name = BoundingRectKernExperimentTests;
			productName = BoundingRectKernExperimentTests;
			productReference = 3DA9D42417FF3A9A000CE9C6 /* BoundingRectKernExperimentTests.xctest */;
			productType = "com.apple.product-type.bundle.unit-test";
		};
/* End PBXNativeTarget section */

/* Begin PBXProject section */
		3DA9D40117FF3A9A000CE9C6 /* Project object */ = {
			isa = PBXProject;
			attributes = {
				CLASSPREFIX = BR;
				LastUpgradeCheck = 0500;
				ORGANIZATIONNAME = "Daniel Hammond";
				TargetAttributes = {
					3DA9D42317FF3A9A000CE9C6 = {
						TestTargetID = 3DA9D40817FF3A9A000CE9C6;
					};
				};
			};
			buildConfigurationList = 3DA9D40417FF3A9A000CE9C6 /* Build configuration list for PBXProject "BoundingRectKernExperiment" */;
			compatibilityVersion = "Xcode 3.2";
			developmentRegion = English;
			hasScannedForEncodings = 0;
			knownRegions = (
				en,
			);
			mainGroup = 3DA9D40017FF3A9A000CE9C6;
			productRefGroup = 3DA9D40A17FF3A9A000CE9C6 /* Products */;
			projectDirPath = "";
			projectRoot = "";
			targets = (
				3DA9D40817FF3A9A000CE9C6 /* BoundingRectKernExperiment */,
				3DA9D42317FF3A9A000CE9C6 /* BoundingRectKernExperimentTests */,
			);
		};
/* End PBXProject section */

/* Begin PBXResourcesBuildPhase section */
		3DA9D40717FF3A9A000CE9C6 /* Resources */ = {
			isa = PBXResourcesBuildPhase;
			buildActionMask = 2147483647;
			files = (
				3DA9D41717FF3A9A000CE9C6 /* InfoPlist.strings in Resources */,
				3DA9D41F17FF3A9A000CE9C6 /* Images.xcassets in Resources */,
			);
			runOnlyForDeploymentPostprocessing = 0;
		};
		3DA9D42217FF3A9A000CE9C6 /* Resources */ = {
			isa = PBXResourcesBuildPhase;
			buildActionMask = 2147483647;
			files = (
				3DA9D43017FF3A9A000CE9C6 /* InfoPlist.strings in Resources */,
			);
			runOnlyForDeploymentPostprocessing = 0;
		};
/* End PBXResourcesBuildPhase section */

/* Begin PBXSourcesBuildPhase section */
		3DA9D40517FF3A9A000CE9C6 /* Sources */ = {
			isa = PBXSourcesBuildPhase;
			buildActionMask = 2147483647;
			files = (
				3DA9D41D17FF3A9A000CE9C6 /* BRAppDelegate.m in Sources */,
				3DA9D41917FF3A9A000CE9C6 /* main.m in Sources */,
			);
			runOnlyForDeploymentPostprocessing = 0;
		};
		3DA9D42017FF3A9A000CE9C6 /* Sources */ = {
			isa = PBXSourcesBuildPhase;
			buildActionMask = 2147483647;
			files = (
				3DA9D43217FF3A9A000CE9C6 /* BoundingRectKernExperimentTests.m in Sources */,
			);
			runOnlyForDeploymentPostprocessing = 0;
		};
/* End PBXSourcesBuildPhase section */

/* Begin PBXTargetDependency section */
		3DA9D42A17FF3A9A000CE9C6 /* PBXTargetDependency */ = {
			isa = PBXTargetDependency;
			target = 3DA9D40817FF3A9A000CE9C6 /* BoundingRectKernExperiment */;
			targetProxy = 3DA9D42917FF3A9A000CE9C6 /* PBXContainerItemProxy */;
		};
/* End PBXTargetDependency section */

/* Begin PBXVariantGroup section */
		3DA9D41517FF3A9A000CE9C6 /* InfoPlist.strings */ = {
			isa = PBXVariantGroup;
			children = (
				3DA9D41617FF3A9A000CE9C6 /* en */,
			);
			name = InfoPlist.strings;
			sourceTree = "<group>";
		};
		3DA9D42E17FF3A9A000CE9C6 /* InfoPlist.strings */ = {
			isa = PBXVariantGroup;
			children = (
				3DA9D42F17FF3A9A000CE9C6 /* en */,
			);
			name = InfoPlist.strings;
			sourceTree = "<group>";
		};
/* End PBXVariantGroup section */

/* Begin XCBuildConfiguration section */
		3DA9D43317FF3A9A000CE9C6 /* Debug */ = {
			isa = XCBuildConfiguration;
			buildSettings = {
				ALWAYS_SEARCH_USER_PATHS = NO;
				ARCHS = "$(ARCHS_STANDARD_INCLUDING_64_BIT)";
				CLANG_CXX_LANGUAGE_STANDARD = "gnu++0x";
				CLANG_CXX_LIBRARY = "libc++";
				CLANG_ENABLE_MODULES = YES;
				CLANG_ENABLE_OBJC_ARC = YES;
				CLANG_WARN_BOOL_CONVERSION = YES;
				CLANG_WARN_CONSTANT_CONVERSION = YES;
				CLANG_WARN_DIRECT_OBJC_ISA_USAGE = YES_ERROR;
				CLANG_WARN_EMPTY_BODY = YES;
				CLANG_WARN_ENUM_CONVERSION = YES;
				CLANG_WARN_INT_CONVERSION = YES;
				CLANG_WARN_OBJC_ROOT_CLASS = YES_ERROR;
				CLANG_WARN__DUPLICATE_METHOD_MATCH = YES;
				"CODE_SIGN_IDENTITY[sdk=iphoneos*]" = "iPhone Developer";
				COPY_PHASE_STRIP = NO;
				GCC_C_LANGUAGE_STANDARD = gnu99;
				GCC_DYNAMIC_NO_PIC = NO;
				GCC_OPTIMIZATION_LEVEL = 0;
				GCC_PREPROCESSOR_DEFINITIONS = (
					"DEBUG=1",
					"$(inherited)",
				);
				GCC_SYMBOLS_PRIVATE_EXTERN = NO;
				GCC_WARN_64_TO_32_BIT_CONVERSION = YES;
				GCC_WARN_ABOUT_RETURN_TYPE = YES_ERROR;
				GCC_WARN_UNDECLARED_SELECTOR = YES;
				GCC_WARN_UNINITIALIZED_AUTOS = YES;
				GCC_WARN_UNUSED_FUNCTION = YES;
				GCC_WARN_UNUSED_VARIABLE = YES;
				IPHONEOS_DEPLOYMENT_TARGET = 7.0;
				ONLY_ACTIVE_ARCH = YES;
				SDKROOT = iphoneos;
				TARGETED_DEVICE_FAMILY = "1,2";
			};
			name = Debug;
		};
		3DA9D43417FF3A9A000CE9C6 /* Release */ = {
			isa = XCBuildConfiguration;
			buildSettings = {
				ALWAYS_SEARCH_USER_PATHS = NO;
				ARCHS = "$(ARCHS_STANDARD_INCLUDING_64_BIT)";
				CLANG_CXX_LANGUAGE_STANDARD = "gnu++0x";
				CLANG_CXX_LIBRARY = "libc++";
				CLANG_ENABLE_MODULES = YES;
				CLANG_ENABLE_OBJC_ARC = YES;
				CLANG_WARN_BOOL_CONVERSION = YES;
				CLANG_WARN_CONSTANT_CONVERSION = YES;
				CLANG_WARN_DIRECT_OBJC_ISA_USAGE = YES_ERROR;
				CLANG_WARN_EMPTY_BODY = YES;
				CLANG_WARN_ENUM_CONVERSION = YES;
				CLANG_WARN_INT_CONVERSION = YES;
				CLANG_WARN_OBJC_ROOT_CLASS = YES_ERROR;
				CLANG_WARN__DUPLICATE_METHOD_MATCH = YES;
				"CODE_SIGN_IDENTITY[sdk=iphoneos*]" = "iPhone Developer";
				COPY_PHASE_STRIP = YES;
				ENABLE_NS_ASSERTIONS = NO;
				GCC_C_LANGUAGE_STANDARD = gnu99;
				GCC_WARN_64_TO_32_BIT_CONVERSION = YES;
				GCC_WARN_ABOUT_RETURN_TYPE = YES_ERROR;
				GCC_WARN_UNDECLARED_SELECTOR = YES;
				GCC_WARN_UNINITIALIZED_AUTOS = YES;
				GCC_WARN_UNUSED_FUNCTION = YES;
				GCC_WARN_UNUSED_VARIABLE = YES;
				IPHONEOS_DEPLOYMENT_TARGET = 7.0;
				SDKROOT = iphoneos;
				TARGETED_DEVICE_FAMILY = "1,2";
				VALIDATE_PRODUCT = YES;
			};
			name = Release;
		};
		3DA9D43617FF3A9A000CE9C6 /* Debug */ = {
			isa = XCBuildConfiguration;
			buildSettings = {
				ASSETCATALOG_COMPILER_APPICON_NAME = AppIcon;
				ASSETCATALOG_COMPILER_LAUNCHIMAGE_NAME = LaunchImage;
				GCC_PRECOMPILE_PREFIX_HEADER = YES;
				GCC_PREFIX_HEADER = "BoundingRectKernExperiment/BoundingRectKernExperiment-Prefix.pch";
				INFOPLIST_FILE = "BoundingRectKernExperiment/BoundingRectKernExperiment-Info.plist";
				PRODUCT_NAME = "$(TARGET_NAME)";
				WRAPPER_EXTENSION = app;
			};
			name = Debug;
		};
		3DA9D43717FF3A9A000CE9C6 /* Release */ = {
			isa = XCBuildConfiguration;
			buildSettings = {
				ASSETCATALOG_COMPILER_APPICON_NAME = AppIcon;
				ASSETCATALOG_COMPILER_LAUNCHIMAGE_NAME = LaunchImage;
				GCC_PRECOMPILE_PREFIX_HEADER = YES;
				GCC_PREFIX_HEADER = "BoundingRectKernExperiment/BoundingRectKernExperiment-Prefix.pch";
				INFOPLIST_FILE = "BoundingRectKernExperiment/BoundingRectKernExperiment-Info.plist";
				PRODUCT_NAME = "$(TARGET_NAME)";
				WRAPPER_EXTENSION = app;
			};
			name = Release;
		};
		3DA9D43917FF3A9A000CE9C6 /* Debug */ = {
			isa = XCBuildConfiguration;
			buildSettings = {
				ARCHS = "$(ARCHS_STANDARD_INCLUDING_64_BIT)";
				BUNDLE_LOADER = "$(BUILT_PRODUCTS_DIR)/BoundingRectKernExperiment.app/BoundingRectKernExperiment";
				FRAMEWORK_SEARCH_PATHS = (
					"$(SDKROOT)/Developer/Library/Frameworks",
					"$(inherited)",
					"$(DEVELOPER_FRAMEWORKS_DIR)",
				);
				GCC_PRECOMPILE_PREFIX_HEADER = YES;
				GCC_PREFIX_HEADER = "BoundingRectKernExperiment/BoundingRectKernExperiment-Prefix.pch";
				GCC_PREPROCESSOR_DEFINITIONS = (
					"DEBUG=1",
					"$(inherited)",
				);
				INFOPLIST_FILE = "BoundingRectKernExperimentTests/BoundingRectKernExperimentTests-Info.plist";
				PRODUCT_NAME = "$(TARGET_NAME)";
				TEST_HOST = "$(BUNDLE_LOADER)";
				WRAPPER_EXTENSION = xctest;
			};
			name = Debug;
		};
		3DA9D43A17FF3A9A000CE9C6 /* Release */ = {
			isa = XCBuildConfiguration;
			buildSettings = {
				ARCHS = "$(ARCHS_STANDARD_INCLUDING_64_BIT)";
				BUNDLE_LOADER = "$(BUILT_PRODUCTS_DIR)/BoundingRectKernExperiment.app/BoundingRectKernExperiment";
				FRAMEWORK_SEARCH_PATHS = (
					"$(SDKROOT)/Developer/Library/Frameworks",
					"$(inherited)",
					"$(DEVELOPER_FRAMEWORKS_DIR)",
				);
				GCC_PRECOMPILE_PREFIX_HEADER = YES;
				GCC_PREFIX_HEADER = "BoundingRectKernExperiment/BoundingRectKernExperiment-Prefix.pch";
				INFOPLIST_FILE = "BoundingRectKernExperimentTests/BoundingRectKernExperimentTests-Info.plist";
				PRODUCT_NAME = "$(TARGET_NAME)";
				TEST_HOST = "$(BUNDLE_LOADER)";
				WRAPPER_EXTENSION = xctest;
			};
			name = Release;
		};
/* End XCBuildConfiguration section */

/* Begin XCConfigurationList section */
		3DA9D40417FF3A9A000CE9C6 /* Build configuration list for PBXProject "BoundingRectKernExperiment" */ = {
			isa = XCConfigurationList;
			buildConfigurations = (
				3DA9D43317FF3A9A000CE9C6 /* Debug */,
				3DA9D43417FF3A9A000CE9C6 /* Release */,
			);
			defaultConfigurationIsVisible = 0;
			defaultConfigurationName = Release;
		};
		3DA9D43517FF3A9A000CE9C6 /* Build configuration list for PBXNativeTarget "BoundingRectKernExperiment" */ = {
			isa = XCConfigurationList;
			buildConfigurations = (
				3DA9D43617FF3A9A000CE9C6 /* Debug */,
				3DA9D43717FF3A9A000CE9C6 /* Release */,
			);
			defaultConfigurationIsVisible = 0;
		};
		3DA9D43817FF3A9A000CE9C6 /* Build configuration list for PBXNativeTarget "BoundingRectKernExperimentTests" */ = {
			isa = XCConfigurationList;
			buildConfigurations = (
				3DA9D43917FF3A9A000CE9C6 /* Debug */,
				3DA9D43A17FF3A9A000CE9C6 /* Release */,
			);
			defaultConfigurationIsVisible = 0;
		};
/* End XCConfigurationList section */
	};
	rootObject = 3DA9D40117FF3A9A000CE9C6 /* Project object */;
}
